
Microsoft Visual Studio Solution File, Format Version 12.00
# Visual Studio Version 17
VisualStudioVersion = 17.10.35013.160
MinimumVisualStudioVersion = 10.0.40219.1
Project("{FAE04EC0-301F-11D3-BF4B-00C04F79EFBC}") = "KakaoTalkBackupViewer", "KakaoTalkBackupViewer\KakaoTalkBackupViewer.csproj", "{10D5707F-951A-4C22-A87C-2CA00B4828EF}"
EndProject
Global
	GlobalSection(SolutionConfigurationPlatforms) = preSolution
		Debug|Any CPU = Debug|Any CPU
		Release|Any CPU = Release|Any CPU
	EndGlobalSection
	GlobalSection(ProjectConfigurationPlatforms) = postSolution
		{10D5707F-951A-4C22-A87C-2CA00B4828EF}.Debug|Any CPU.ActiveCfg = Debug|Any CPU
		{10D5707F-951A-4C22-A87C-2CA00B4828EF}.Debug|Any CPU.Build.0 = Debug|Any CPU
		{10D5707F-951A-4C22-A87C-2CA00B4828EF}.Release|Any CPU.ActiveCfg = Release|Any CPU
		{10D5707F-951A-4C22-A87C-2CA00B4828EF}.Release|Any CPU.Build.0 = Release|Any CPU
	EndGlobalSection
	GlobalSection(SolutionProperties) = preSolution
		HideSolutionNode = FALSE
	EndGlobalSection
	GlobalSection(ExtensibilityGlobals) = postSolution
		SolutionGuid = {C8FAFA1C-DDA2-47FB-A942-7885CA6C7664}
	EndGlobalSection
EndGlobal
